
Microsoft Visual Studio Solution File, Format Version 12.00
# Visual Studio Version 16
VisualStudioVersion = 16.0.31205.134
MinimumVisualStudioVersion = 10.0.40219.1
Project("{FAE04EC0-301F-11D3-BF4B-00C04F79EFBC}") = "ProjectEuler", "ProjectEuler\ProjectEuler.csproj", "{1C7A1197-A558-4369-8F60-675FF27AE855}"
EndProject
Global
	GlobalSection(SolutionConfigurationPlatforms) = preSolution
		Debug|Any CPU = Debug|Any CPU
		Release|Any CPU = Release|Any CPU
	EndGlobalSection
	GlobalSection(ProjectConfigurationPlatforms) = postSolution
		{1C7A1197-A558-4369-8F60-675FF27AE855}.Debug|Any CPU.ActiveCfg = Debug|Any CPU
		{1C7A1197-A558-4369-8F60-675FF27AE855}.Debug|Any CPU.Build.0 = Debug|Any CPU
		{1C7A1197-A558-4369-8F60-675FF27AE855}.Release|Any CPU.ActiveCfg = Release|Any CPU
		{1C7A1197-A558-4369-8F60-675FF27AE855}.Release|Any CPU.Build.0 = Release|Any CPU
	EndGlobalSection
	GlobalSection(SolutionProperties) = preSolution
		HideSolutionNode = FALSE
	EndGlobalSection
	GlobalSection(ExtensibilityGlobals) = postSolution
		SolutionGuid = {2A674772-2794-40C9-9641-CD2AD3E2211F}
	EndGlobalSection
EndGlobal
